// !$*UTF8*$!
{
	archiveVersion = 1;
	classes = {
	};
	objectVersion = 50;
	objects = {

/* Begin PBXBuildFile section */
		28FBA97F26D7CAD500392A5A /* AppDelegate.swift in Sources */ = {isa = PBXBuildFile; fileRef = 28FBA97E26D7CAD500392A5A /* AppDelegate.swift */; };
		28FBA98126D7CAD500392A5A /* SceneDelegate.swift in Sources */ = {isa = PBXBuildFile; fileRef = 28FBA98026D7CAD500392A5A /* SceneDelegate.swift */; };
		28FBA98326D7CAD500392A5A /* ViewController.swift in Sources */ = {isa = PBXBuildFile; fileRef = 28FBA98226D7CAD500392A5A /* ViewController.swift */; };
		28FBA98626D7CAD500392A5A /* Main.storyboard in Resources */ = {isa = PBXBuildFile; fileRef = 28FBA98426D7CAD500392A5A /* Main.storyboard */; };
		28FBA98926D7CAD500392A5A /* akillikonumteknolojileri.xcdatamodeld in Sources */ = {isa = PBXBuildFile; fileRef = 28FBA98726D7CAD500392A5A /* akillikonumteknolojileri.xcdatamodeld */; };
		28FBA98B26D7CAD600392A5A /* Assets.xcassets in Resources */ = {isa = PBXBuildFile; fileRef = 28FBA98A26D7CAD600392A5A /* Assets.xcassets */; };
		28FBA98E26D7CAD600392A5A /* LaunchScreen.storyboard in Resources */ = {isa = PBXBuildFile; fileRef = 28FBA98C26D7CAD600392A5A /* LaunchScreen.storyboard */; };
/* End PBXBuildFile section */

/* Begin PBXFileReference section */
		28FBA97B26D7CAD500392A5A /* akillikonumteknolojileri.app */ = {isa = PBXFileReference; explicitFileType = wrapper.application; includeInIndex = 0; path = akillikonumteknolojileri.app; sourceTree = BUILT_PRODUCTS_DIR; };
		28FBA97E26D7CAD500392A5A /* AppDelegate.swift */ = {isa = PBXFileReference; lastKnownFileType = sourcecode.swift; path = AppDelegate.swift; sourceTree = "<group>"; };
		28FBA98026D7CAD500392A5A /* SceneDelegate.swift */ = {isa = PBXFileReference; lastKnownFileType = sourcecode.swift; path = SceneDelegate.swift; sourceTree = "<group>"; };
		28FBA98226D7CAD500392A5A /* ViewController.swift */ = {isa = PBXFileReference; lastKnownFileType = sourcecode.swift; path = ViewController.swift; sourceTree = "<group>"; };
		28FBA98526D7CAD500392A5A /* Base */ = {isa = PBXFileReference; lastKnownFileType = file.storyboard; name = Base; path = Base.lproj/Main.storyboard; sourceTree = "<group>"; };
		28FBA98826D7CAD500392A5A /* akillikonumteknolojileri.xcdatamodel */ = {isa = PBXFileReference; lastKnownFileType = wrapper.xcdatamodel; path = akillikonumteknolojileri.xcdatamodel; sourceTree = "<group>"; };
		28FBA98A26D7CAD600392A5A /* Assets.xcassets */ = {isa = PBXFileReference; lastKnownFileType = folder.assetcatalog; path = Assets.xcassets; sourceTree = "<group>"; };
		28FBA98D26D7CAD600392A5A /* Base */ = {isa = PBXFileReference; lastKnownFileType = file.storyboard; name = Base; path = Base.lproj/LaunchScreen.storyboard; sourceTree = "<group>"; };
		28FBA98F26D7CAD600392A5A /* Info.plist */ = {isa = PBXFileReference; lastKnownFileType = text.plist.xml; path = Info.plist; sourceTree = "<group>"; };
/* End PBXFileReference section */

/* Begin PBXFrameworksBuildPhase section */
		28FBA97826D7CAD500392A5A /* Frameworks */ = {
			isa = PBXFrameworksBuildPhase;
			buildActionMask = 2147483647;
			files = (
			);
			runOnlyForDeploymentPostprocessing = 0;
		};
/* End PBXFrameworksBuildPhase section */

/* Begin PBXGroup section */
		28FBA97226D7CAD400392A5A = {
			isa = PBXGroup;
			children = (
				28FBA97D26D7CAD500392A5A /* akillikonumteknolojileri */,
				28FBA97C26D7CAD500392A5A /* Products */,
			);
			sourceTree = "<group>";
		};
		28FBA97C26D7CAD500392A5A /* Products */ = {
			isa = PBXGroup;
			children = (
				28FBA97B26D7CAD500392A5A /* akillikonumteknolojileri.app */,
			);
			name = Products;
			sourceTree = "<group>";
		};
		28FBA97D26D7CAD500392A5A /* akillikonumteknolojileri */ = {
			isa = PBXGroup;
			children = (
				28FBA97E26D7CAD500392A5A /* AppDelegate.swift */,
				28FBA98026D7CAD500392A5A /* SceneDelegate.swift */,
				28FBA98226D7CAD500392A5A /* ViewController.swift */,
				28FBA98426D7CAD500392A5A /* Main.storyboard */,
				28FBA98A26D7CAD600392A5A /* Assets.xcassets */,
				28FBA98C26D7CAD600392A5A /* LaunchScreen.storyboard */,
				28FBA98F26D7CAD600392A5A /* Info.plist */,
				28FBA98726D7CAD500392A5A /* akillikonumteknolojileri.xcdatamodeld */,
			);
			path = akillikonumteknolojileri;
			sourceTree = "<group>";
		};
/* End PBXGroup section */

/* Begin PBXNativeTarget section */
		28FBA97A26D7CAD500392A5A /* akillikonumteknolojileri */ = {
			isa = PBXNativeTarget;
			buildConfigurationList = 28FBA99226D7CAD600392A5A /* Build configuration list for PBXNativeTarget "akillikonumteknolojileri" */;
			buildPhases = (
				28FBA97726D7CAD500392A5A /* Sources */,
				28FBA97826D7CAD500392A5A /* Frameworks */,
				28FBA97926D7CAD500392A5A /* Resources */,
			);
			buildRules = (
			);
			dependencies = (
			);
			name = akillikonumteknolojileri;
			productName = akillikonumteknolojileri;
			productReference = 28FBA97B26D7CAD500392A5A /* akillikonumteknolojileri.app */;
			productType = "com.apple.product-type.application";
		};
/* End PBXNativeTarget section */

/* Begin PBXProject section */
		28FBA97326D7CAD400392A5A /* Project object */ = {
			isa = PBXProject;
			attributes = {
				LastSwiftUpdateCheck = 1240;
				LastUpgradeCheck = 1240;
				TargetAttributes = {
					28FBA97A26D7CAD500392A5A = {
						CreatedOnToolsVersion = 12.4;
					};
				};
			};
			buildConfigurationList = 28FBA97626D7CAD400392A5A /* Build configuration list for PBXProject "akillikonumteknolojileri" */;
			compatibilityVersion = "Xcode 9.3";
			developmentRegion = en;
			hasScannedForEncodings = 0;
			knownRegions = (
				en,
				Base,
			);
			mainGroup = 28FBA97226D7CAD400392A5A;
			productRefGroup = 28FBA97C26D7CAD500392A5A /* Products */;
			projectDirPath = "";
			projectRoot = "";
			targets = (
				28FBA97A26D7CAD500392A5A /* akillikonumteknolojileri */,
			);
		};
/* End PBXProject section */

/* Begin PBXResourcesBuildPhase section */
		28FBA97926D7CAD500392A5A /* Resources */ = {
			isa = PBXResourcesBuildPhase;
			buildActionMask = 2147483647;
			files = (
				28FBA98E26D7CAD600392A5A /* LaunchScreen.storyboard in Resources */,
				28FBA98B26D7CAD600392A5A /* Assets.xcassets in Resources */,
				28FBA98626D7CAD500392A5A /* Main.storyboard in Resources */,
			);
			runOnlyForDeploymentPostprocessing = 0;
		};
/* End PBXResourcesBuildPhase section */

/* Begin PBXSourcesBuildPhase section */
		28FBA97726D7CAD500392A5A /* Sources */ = {
			isa = PBXSourcesBuildPhase;
			buildActionMask = 2147483647;
			files = (
				28FBA98926D7CAD500392A5A /* akillikonumteknolojileri.xcdatamodeld in Sources */,
				28FBA98326D7CAD500392A5A /* ViewController.swift in Sources */,
				28FBA97F26D7CAD500392A5A /* AppDelegate.swift in Sources */,
				28FBA98126D7CAD500392A5A /* SceneDelegate.swift in Sources */,
			);
			runOnlyForDeploymentPostprocessing = 0;
		};
/* End PBXSourcesBuildPhase section */

/* Begin PBXVariantGroup section */
		28FBA98426D7CAD500392A5A /* Main.storyboard */ = {
			isa = PBXVariantGroup;
			children = (
				28FBA98526D7CAD500392A5A /* Base */,
			);
			name = Main.storyboard;
			sourceTree = "<group>";
		};
		28FBA98C26D7CAD600392A5A /* LaunchScreen.storyboard */ = {
			isa = PBXVariantGroup;
			children = (
				28FBA98D26D7CAD600392A5A /* Base */,
			);
			name = LaunchScreen.storyboard;
			sourceTree = "<group>";
		};
/* End PBXVariantGroup section */

/* Begin XCBuildConfiguration section */
		28FBA99026D7CAD600392A5A /* Debug */ = {
			isa = XCBuildConfiguration;
			buildSettings = {
				ALWAYS_SEARCH_USER_PATHS = NO;
				CLANG_ANALYZER_NONNULL = YES;
				CLANG_ANALYZER_NUMBER_OBJECT_CONVERSION = YES_AGGRESSIVE;
				CLANG_CXX_LANGUAGE_STANDARD = "gnu++14";
				CLANG_CXX_LIBRARY = "libc++";
				CLANG_ENABLE_MODULES = YES;
				CLANG_ENABLE_OBJC_ARC = YES;
				CLANG_ENABLE_OBJC_WEAK = YES;
				CLANG_WARN_BLOCK_CAPTURE_AUTORELEASING = YES;
				CLANG_WARN_BOOL_CONVERSION = YES;
				CLANG_WARN_COMMA = YES;
				CLANG_WARN_CONSTANT_CONVERSION = YES;
				CLANG_WARN_DEPRECATED_OBJC_IMPLEMENTATIONS = YES;
				CLANG_WARN_DIRECT_OBJC_ISA_USAGE = YES_ERROR;
				CLANG_WARN_DOCUMENTATION_COMMENTS = YES;
				CLANG_WARN_EMPTY_BODY = YES;
				CLANG_WARN_ENUM_CONVERSION = YES;
				CLANG_WARN_INFINITE_RECURSION = YES;
				CLANG_WARN_INT_CONVERSION = YES;
				CLANG_WARN_NON_LITERAL_NULL_CONVERSION = YES;
				CLANG_WARN_OBJC_IMPLICIT_RETAIN_SELF = YES;
				CLANG_WARN_OBJC_LITERAL_CONVERSION = YES;
				CLANG_WARN_OBJC_ROOT_CLASS = YES_ERROR;
				CLANG_WARN_QUOTED_INCLUDE_IN_FRAMEWORK_HEADER = YES;
				CLANG_WARN_RANGE_LOOP_ANALYSIS = YES;
				CLANG_WARN_STRICT_PROTOTYPES = YES;
				CLANG_WARN_SUSPICIOUS_MOVE = YES;
				CLANG_WARN_UNGUARDED_AVAILABILITY = YES_AGGRESSIVE;
				CLANG_WARN_UNREACHABLE_CODE = YES;
				CLANG_WARN__DUPLICATE_METHOD_MATCH = YES;
				COPY_PHASE_STRIP = NO;
				DEBUG_INFORMATION_FORMAT = dwarf;
				ENABLE_STRICT_OBJC_MSGSEND = YES;
				ENABLE_TESTABILITY = YES;
				GCC_C_LANGUAGE_STANDARD = gnu11;
				GCC_DYNAMIC_NO_PIC = NO;
				GCC_NO_COMMON_BLOCKS = YES;
				GCC_OPTIMIZATION_LEVEL = 0;
				GCC_PREPROCESSOR_DEFINITIONS = (
					"DEBUG=1",
					"$(inherited)",
				);
				GCC_WARN_64_TO_32_BIT_CONVERSION = YES;
				GCC_WARN_ABOUT_RETURN_TYPE = YES_ERROR;
				GCC_WARN_UNDECLARED_SELECTOR = YES;
				GCC_WARN_UNINITIALIZED_AUTOS = YES_AGGRESSIVE;
				GCC_WARN_UNUSED_FUNCTION = YES;
				GCC_WARN_UNUSED_VARIABLE = YES;
				IPHONEOS_DEPLOYMENT_TARGET = 14.4;
				MTL_ENABLE_DEBUG_INFO = INCLUDE_SOURCE;
				MTL_FAST_MATH = YES;
				ONLY_ACTIVE_ARCH = YES;
				SDKROOT = iphoneos;
				SWIFT_ACTIVE_COMPILATION_CONDITIONS = DEBUG;
				SWIFT_OPTIMIZATION_LEVEL = "-Onone";
			};
			name = Debug;
		};
		28FBA99126D7CAD600392A5A /* Release */ = {
			isa = XCBuildConfiguration;
			buildSettings = {
				ALWAYS_SEARCH_USER_PATHS = NO;
				CLANG_ANALYZER_NONNULL = YES;
				CLANG_ANALYZER_NUMBER_OBJECT_CONVERSION = YES_AGGRESSIVE;
				CLANG_CXX_LANGUAGE_STANDARD = "gnu++14";
				CLANG_CXX_LIBRARY = "libc++";
				CLANG_ENABLE_MODULES = YES;
				CLANG_ENABLE_OBJC_ARC = YES;
				CLANG_ENABLE_OBJC_WEAK = YES;
				CLANG_WARN_BLOCK_CAPTURE_AUTORELEASING = YES;
				CLANG_WARN_BOOL_CONVERSION = YES;
				CLANG_WARN_COMMA = YES;
				CLANG_WARN_CONSTANT_CONVERSION = YES;
				CLANG_WARN_DEPRECATED_OBJC_IMPLEMENTATIONS = YES;
				CLANG_WARN_DIRECT_OBJC_ISA_USAGE = YES_ERROR;
				CLANG_WARN_DOCUMENTATION_COMMENTS = YES;
				CLANG_WARN_EMPTY_BODY = YES;
				CLANG_WARN_ENUM_CONVERSION = YES;
				CLANG_WARN_INFINITE_RECURSION = YES;
				CLANG_WARN_INT_CONVERSION = YES;
				CLANG_WARN_NON_LITERAL_NULL_CONVERSION = YES;
				CLANG_WARN_OBJC_IMPLICIT_RETAIN_SELF = YES;
				CLANG_WARN_OBJC_LITERAL_CONVERSION = YES;
				CLANG_WARN_OBJC_ROOT_CLASS = YES_ERROR;
				CLANG_WARN_QUOTED_INCLUDE_IN_FRAMEWORK_HEADER = YES;
				CLANG_WARN_RANGE_LOOP_ANALYSIS = YES;
				CLANG_WARN_STRICT_PROTOTYPES = YES;
				CLANG_WARN_SUSPICIOUS_MOVE = YES;
				CLANG_WARN_UNGUARDED_AVAILABILITY = YES_AGGRESSIVE;
				CLANG_WARN_UNREACHABLE_CODE = YES;
				CLANG_WARN__DUPLICATE_METHOD_MATCH = YES;
				COPY_PHASE_STRIP = NO;
				DEBUG_INFORMATION_FORMAT = "dwarf-with-dsym";
				ENABLE_NS_ASSERTIONS = NO;
				ENABLE_STRICT_OBJC_MSGSEND = YES;
				GCC_C_LANGUAGE_STANDARD = gnu11;
				GCC_NO_COMMON_BLOCKS = YES;
				GCC_WARN_64_TO_32_BIT_CONVERSION = YES;
				GCC_WARN_ABOUT_RETURN_TYPE = YES_ERROR;
				GCC_WARN_UNDECLARED_SELECTOR = YES;
				GCC_WARN_UNINITIALIZED_AUTOS = YES_AGGRESSIVE;
				GCC_WARN_UNUSED_FUNCTION = YES;
				GCC_WARN_UNUSED_VARIABLE = YES;
				IPHONEOS_DEPLOYMENT_TARGET = 14.4;
				MTL_ENABLE_DEBUG_INFO = NO;
				MTL_FAST_MATH = YES;
				SDKROOT = iphoneos;
				SWIFT_COMPILATION_MODE = wholemodule;
				SWIFT_OPTIMIZATION_LEVEL = "-O";
				VALIDATE_PRODUCT = YES;
			};
			name = Release;
		};
		28FBA99326D7CAD600392A5A /* Debug */ = {
			isa = XCBuildConfiguration;
			buildSettings = {
				ASSETCATALOG_COMPILER_APPICON_NAME = AppIcon;
				ASSETCATALOG_COMPILER_GLOBAL_ACCENT_COLOR_NAME = AccentColor;
				CODE_SIGN_STYLE = Automatic;
				DEVELOPMENT_TEAM = 5VBHDRG354;
				INFOPLIST_FILE = akillikonumteknolojileri/Info.plist;
				LD_RUNPATH_SEARCH_PATHS = (
					"$(inherited)",
					"@executable_path/Frameworks",
				);
				PRODUCT_BUNDLE_IDENTIFIER = wam.akillikonumteknolojileri;
				PRODUCT_NAME = "$(TARGET_NAME)";
				SWIFT_VERSION = 5.0;
				TARGETED_DEVICE_FAMILY = "1,2";
			};
			name = Debug;
		};
		28FBA99426D7CAD600392A5A /* Release */ = {
			isa = XCBuildConfiguration;
			buildSettings = {
				ASSETCATALOG_COMPILER_APPICON_NAME = AppIcon;
				ASSETCATALOG_COMPILER_GLOBAL_ACCENT_COLOR_NAME = AccentColor;
				CODE_SIGN_STYLE = Automatic;
				DEVELOPMENT_TEAM = 5VBHDRG354;
				INFOPLIST_FILE = akillikonumteknolojileri/Info.plist;
				LD_RUNPATH_SEARCH_PATHS = (
					"$(inherited)",
					"@executable_path/Frameworks",
				);
				PRODUCT_BUNDLE_IDENTIFIER = wam.akillikonumteknolojileri;
				PRODUCT_NAME = "$(TARGET_NAME)";
				SWIFT_VERSION = 5.0;
				TARGETED_DEVICE_FAMILY = "1,2";
			};
			name = Release;
		};
/* End XCBuildConfiguration section */

/* Begin XCConfigurationList section */
		28FBA97626D7CAD400392A5A /* Build configuration list for PBXProject "akillikonumteknolojileri" */ = {
			isa = XCConfigurationList;
			buildConfigurations = (
				28FBA99026D7CAD600392A5A /* Debug */,
				28FBA99126D7CAD600392A5A /* Release */,
			);
			defaultConfigurationIsVisible = 0;
			defaultConfigurationName = Release;
		};
		28FBA99226D7CAD600392A5A /* Build configuration list for PBXNativeTarget "akillikonumteknolojileri" */ = {
			isa = XCConfigurationList;
			buildConfigurations = (
				28FBA99326D7CAD600392A5A /* Debug */,
				28FBA99426D7CAD600392A5A /* Release */,
			);
			defaultConfigurationIsVisible = 0;
			defaultConfigurationName = Release;
		};
/* End XCConfigurationList section */

/* Begin XCVersionGroup section */
		28FBA98726D7CAD500392A5A /* akillikonumteknolojileri.xcdatamodeld */ = {
			isa = XCVersionGroup;
			children = (
				28FBA98826D7CAD500392A5A /* akillikonumteknolojileri.xcdatamodel */,
			);
			currentVersion = 28FBA98826D7CAD500392A5A /* akillikonumteknolojileri.xcdatamodel */;
			path = akillikonumteknolojileri.xcdatamodeld;
			sourceTree = "<group>";
			versionGroupType = wrapper.xcdatamodel;
		};
/* End XCVersionGroup section */
	};
	rootObject = 28FBA97326D7CAD400392A5A /* Project object */;
}
